
Microsoft Visual Studio Solution File, Format Version 12.00
# Visual Studio Version 17
VisualStudioVersion = 17.8.34511.84
MinimumVisualStudioVersion = 10.0.40219.1
Project("{FAE04EC0-301F-11D3-BF4B-00C04F79EFBC}") = "Calculadora", "Calculadora\Calculadora.csproj", "{482FB934-9B0A-408F-B13E-A033CD7529E8}"
EndProject
Global
	GlobalSection(SolutionConfigurationPlatforms) = preSolution
		Debug|Any CPU = Debug|Any CPU
		Release|Any CPU = Release|Any CPU
	EndGlobalSection
	GlobalSection(ProjectConfigurationPlatforms) = postSolution
		{482FB934-9B0A-408F-B13E-A033CD7529E8}.Debug|Any CPU.ActiveCfg = Debug|Any CPU
		{482FB934-9B0A-408F-B13E-A033CD7529E8}.Debug|Any CPU.Build.0 = Debug|Any CPU
		{482FB934-9B0A-408F-B13E-A033CD7529E8}.Release|Any CPU.ActiveCfg = Release|Any CPU
		{482FB934-9B0A-408F-B13E-A033CD7529E8}.Release|Any CPU.Build.0 = Release|Any CPU
	EndGlobalSection
	GlobalSection(SolutionProperties) = preSolution
		HideSolutionNode = FALSE
	EndGlobalSection
	GlobalSection(ExtensibilityGlobals) = postSolution
		SolutionGuid = {80243543-F3D8-4460-9950-F471F44FE990}
	EndGlobalSection
EndGlobal
